<?xml version="1.0" encoding="utf-8"?>
<Project ToolsVersion="4.0" xmlns="http://schemas.microsoft.com/developer/msbuild/2003">
  <ItemGroup>
    <Filter Include="resources">
      <UniqueIdentifier>{190ba63d-3050-4d00-ae30-c97e9978a304}</UniqueIdentifier>
    </Filter>
  </ItemGroup>
  <ItemGroup>
    <ClCompile Include="..\01_FixedFunction\main.cpp" />
  </ItemGroup>
  <ItemGroup>
    <ResourceCompile Include="..\media\common.rc">
      <Filter>resources</Filter>
    </ResourceCompile>
  </ItemGroup>
  <ItemGroup>
    <None Include="..\media\directx.ico">
      <Filter>resources</Filter>
    </None>
  </ItemGroup>
  <ItemGroup>
    <ClInclude Include="..\media\resource.h">
      <Filter>resources</Filter>
    </ClInclude>
  </ItemGroup>
</Project>