<?xml version="1.0" encoding="utf-8"?>
<Project ToolsVersion="4.0" xmlns="http://schemas.microsoft.com/developer/msbuild/2003">
  <ItemGroup>
    <Filter Include="shaders">
      <UniqueIdentifier>{32139548-6b0e-430d-85ef-d4607b05f144}</UniqueIdentifier>
    </Filter>
    <Filter Include="resources">
      <UniqueIdentifier>{ed9bda72-cd4e-4860-9b08-cf36c1839221}</UniqueIdentifier>
    </Filter>
  </ItemGroup>
  <ItemGroup>
    <None Include="..\media\shaders\blinnphong.fx">
      <Filter>shaders</Filter>
    </None>
    <None Include="..\media\directx.ico">
      <Filter>resources</Filter>
    </None>
  </ItemGroup>
  <ItemGroup>
    <ClCompile Include="..\04_BlinnPhong\main.cpp" />
    <ClCompile Include="..\common\other.cpp" />
  </ItemGroup>
  <ItemGroup>
    <ResourceCompile Include="..\media\common.rc">
      <Filter>resources</Filter>
    </ResourceCompile>
  </ItemGroup>
  <ItemGroup>
    <ClInclude Include="..\media\resource.h">
      <Filter>resources</Filter>
    </ClInclude>
  </ItemGroup>
</Project>