<?xml version="1.0" encoding="utf-8"?>
<Project ToolsVersion="4.0" xmlns="http://schemas.microsoft.com/developer/msbuild/2003">
  <ItemGroup>
    <Filter Include="shaders">
      <UniqueIdentifier>{87b264a2-c900-4934-a000-1b4a041866b6}</UniqueIdentifier>
    </Filter>
    <Filter Include="resources">
      <UniqueIdentifier>{a6f8e8cf-99ec-48d0-be65-3227dcecf62b}</UniqueIdentifier>
    </Filter>
  </ItemGroup>
  <ItemGroup>
    <None Include="..\media\directx.ico">
      <Filter>resources</Filter>
    </None>
    <None Include="..\media\shaders\parallax.fx">
      <Filter>shaders</Filter>
    </None>
    <None Include="..\media\shaders\parallaxocclusion.fx">
      <Filter>shaders</Filter>
    </None>
    <None Include="..\media\shaders\relief.fx">
      <Filter>shaders</Filter>
    </None>
  </ItemGroup>
  <ItemGroup>
    <ResourceCompile Include="..\media\common.rc">
      <Filter>resources</Filter>
    </ResourceCompile>
  </ItemGroup>
  <ItemGroup>
    <ClInclude Include="..\media\resource.h">
      <Filter>resources</Filter>
    </ClInclude>
  </ItemGroup>
  <ItemGroup>
    <ClCompile Include="..\07_Relief\main.cpp" />
    <ClCompile Include="..\07_Relief\other.cpp" />
  </ItemGroup>
</Project>