<?xml version="1.0" encoding="utf-8"?>
<Project ToolsVersion="4.0" xmlns="http://schemas.microsoft.com/developer/msbuild/2003">
  <ItemGroup>
    <Filter Include="shaders">
      <UniqueIdentifier>{dadc8955-4bcd-454a-ae0a-898bf253d2aa}</UniqueIdentifier>
    </Filter>
    <Filter Include="resources">
      <UniqueIdentifier>{b3b555e7-f151-4781-8da6-758b210320af}</UniqueIdentifier>
    </Filter>
    <Filter Include="common">
      <UniqueIdentifier>{c9182fa1-48f8-49ca-9a5b-85630632b32a}</UniqueIdentifier>
    </Filter>
  </ItemGroup>
  <ItemGroup>
    <None Include="..\media\directx.ico">
      <Filter>resources</Filter>
    </None>
    <None Include="..\media\shaders\sky.fx">
      <Filter>shaders</Filter>
    </None>
    <None Include="..\media\shaders\hdrfresnel.fx">
      <Filter>shaders</Filter>
    </None>
    <None Include="..\media\shaders\hdreffects.fx">
      <Filter>shaders</Filter>
    </None>
  </ItemGroup>
  <ItemGroup>
    <ResourceCompile Include="..\media\common.rc">
      <Filter>resources</Filter>
    </ResourceCompile>
  </ItemGroup>
  <ItemGroup>
    <ClInclude Include="..\media\resource.h">
      <Filter>resources</Filter>
    </ClInclude>
    <ClInclude Include="..\common\dxext.h">
      <Filter>common</Filter>
    </ClInclude>
  </ItemGroup>
  <ItemGroup>
    <ClCompile Include="..\10_HDR\main.cpp" />
    <ClCompile Include="..\common\other.cpp" />
    <ClCompile Include="..\common\dxext.cpp">
      <Filter>common</Filter>
    </ClCompile>
  </ItemGroup>
</Project>