<?xml version="1.0" encoding="utf-8"?>
<Project ToolsVersion="4.0" xmlns="http://schemas.microsoft.com/developer/msbuild/2003">
  <ItemGroup>
    <Filter Include="resources">
      <UniqueIdentifier>{5debcaef-3d82-4f0e-baef-aa872f386253}</UniqueIdentifier>
    </Filter>
    <Filter Include="shaders">
      <UniqueIdentifier>{ae226a9f-855a-4b77-a9d9-ad4efbc348f3}</UniqueIdentifier>
    </Filter>
    <Filter Include="common">
      <UniqueIdentifier>{47f6526a-65e2-4d5c-91a3-5ab8fadce02c}</UniqueIdentifier>
    </Filter>
  </ItemGroup>
  <ItemGroup>
    <ClInclude Include="..\media\resource.h">
      <Filter>resources</Filter>
    </ClInclude>
    <ClInclude Include="..\common\dxext.h">
      <Filter>common</Filter>
    </ClInclude>
  </ItemGroup>
  <ItemGroup>
    <ResourceCompile Include="..\media\common.rc">
      <Filter>resources</Filter>
    </ResourceCompile>
  </ItemGroup>
  <ItemGroup>
    <Image Include="..\media\directx.ico">
      <Filter>resources</Filter>
    </Image>
  </ItemGroup>
  <ItemGroup>
    <ClCompile Include="..\15_DeferredShading\main.cpp" />
    <ClCompile Include="..\15_DeferredShading\other.cpp" />
    <ClCompile Include="..\common\dxext.cpp">
      <Filter>common</Filter>
    </ClCompile>
  </ItemGroup>
  <ItemGroup>
    <None Include="..\media\shaders\deferred.fx">
      <Filter>shaders</Filter>
    </None>
    <None Include="..\media\shaders\gbuffer.fx">
      <Filter>shaders</Filter>
    </None>
    <None Include="..\media\shaders\distance.fx">
      <Filter>shaders</Filter>
    </None>
  </ItemGroup>
</Project>