<?xml version="1.0" encoding="utf-8"?>
<Project ToolsVersion="4.0" xmlns="http://schemas.microsoft.com/developer/msbuild/2003">
  <ItemGroup>
    <Filter Include="shaders">
      <UniqueIdentifier>{d3101170-05bd-4243-9385-eecdf7735ca6}</UniqueIdentifier>
    </Filter>
    <Filter Include="resources">
      <UniqueIdentifier>{32601397-8425-4f2b-b739-4d41d65cc5fd}</UniqueIdentifier>
    </Filter>
    <Filter Include="common">
      <UniqueIdentifier>{9748e16b-f31e-4f24-a9fc-d3633e2153e7}</UniqueIdentifier>
    </Filter>
    <Filter Include="techniques">
      <UniqueIdentifier>{f82338eb-98ac-456e-bc39-63b12eab8225}</UniqueIdentifier>
    </Filter>
  </ItemGroup>
  <ItemGroup>
    <None Include="..\media\directx.ico">
      <Filter>resources</Filter>
    </None>
    <None Include="..\media\shaders\convolutionshadow.fx">
      <Filter>shaders</Filter>
    </None>
    <None Include="..\media\shaders\boxblur5x5.fx">
      <Filter>shaders</Filter>
    </None>
    <None Include="..\media\shaders\commonbrdf.fxh">
      <Filter>shaders</Filter>
    </None>
    <None Include="..\media\shaders\exponentialshadow.fx">
      <Filter>shaders</Filter>
    </None>
    <None Include="..\media\shaders\pcfshadow5x5.fx">
      <Filter>shaders</Filter>
    </None>
    <None Include="..\media\shaders\varianceshadow.fx">
      <Filter>shaders</Filter>
    </None>
  </ItemGroup>
  <ItemGroup>
    <ResourceCompile Include="..\media\common.rc">
      <Filter>resources</Filter>
    </ResourceCompile>
  </ItemGroup>
  <ItemGroup>
    <ClInclude Include="..\media\resource.h">
      <Filter>resources</Filter>
    </ClInclude>
    <ClInclude Include="..\common\dxext.h">
      <Filter>common</Filter>
    </ClInclude>
  </ItemGroup>
  <ItemGroup>
    <ClCompile Include="..\19_ShadowMaps\main.cpp" />
    <ClCompile Include="..\common\dxext.cpp">
      <Filter>common</Filter>
    </ClCompile>
    <ClCompile Include="..\common\other.cpp" />
    <ClCompile Include="..\19_ShadowMaps\convolution.cpp">
      <Filter>techniques</Filter>
    </ClCompile>
    <ClCompile Include="..\19_ShadowMaps\exponential.cpp">
      <Filter>techniques</Filter>
    </ClCompile>
    <ClCompile Include="..\19_ShadowMaps\pcf.cpp">
      <Filter>techniques</Filter>
    </ClCompile>
    <ClCompile Include="..\19_ShadowMaps\variance.cpp">
      <Filter>techniques</Filter>
    </ClCompile>
  </ItemGroup>
</Project>