<?xml version="1.0" encoding="utf-8"?>
<Project ToolsVersion="4.0" xmlns="http://schemas.microsoft.com/developer/msbuild/2003">
  <ItemGroup>
    <ClCompile Include="..\CoreProfileTest\main.cpp" />
    <ClCompile Include="..\CoreProfileTest\other.cpp" />
    <ClCompile Include="..\extern\qglextensions.cpp">
      <Filter>extern</Filter>
    </ClCompile>
    <ClCompile Include="..\common\glext.cpp">
      <Filter>common</Filter>
    </ClCompile>
  </ItemGroup>
  <ItemGroup>
    <Filter Include="extern">
      <UniqueIdentifier>{638c7da3-24dc-4d2f-b688-9283f29be83e}</UniqueIdentifier>
    </Filter>
    <Filter Include="common">
      <UniqueIdentifier>{7cd17e02-5c51-48dc-af72-7455c7bfcec5}</UniqueIdentifier>
    </Filter>
  </ItemGroup>
  <ItemGroup>
    <ClInclude Include="..\extern\qglextensions.h">
      <Filter>extern</Filter>
    </ClInclude>
    <ClInclude Include="..\extern\glext.h">
      <Filter>extern</Filter>
    </ClInclude>
    <ClInclude Include="..\common\glext.h">
      <Filter>common</Filter>
    </ClInclude>
  </ItemGroup>
</Project>