<?xml version="1.0" encoding="utf-8"?>
<Project ToolsVersion="4.0" xmlns="http://schemas.microsoft.com/developer/msbuild/2003">
  <ItemGroup>
    <Filter Include="shaders">
      <UniqueIdentifier>{d3101170-05bd-4243-9385-eecdf7735ca6}</UniqueIdentifier>
    </Filter>
    <Filter Include="resources">
      <UniqueIdentifier>{32601397-8425-4f2b-b739-4d41d65cc5fd}</UniqueIdentifier>
    </Filter>
    <Filter Include="common">
      <UniqueIdentifier>{5341cc5b-782b-4e4f-a859-2da67551b04b}</UniqueIdentifier>
    </Filter>
  </ItemGroup>
  <ItemGroup>
    <None Include="..\media\directx.ico">
      <Filter>resources</Filter>
    </None>
    <None Include="..\media\shaders\blinnphong.fx">
      <Filter>shaders</Filter>
    </None>
    <None Include="..\media\shaders\blurshadow.fx">
      <Filter>shaders</Filter>
    </None>
    <None Include="..\media\shaders\variance.fx">
      <Filter>shaders</Filter>
    </None>
    <None Include="..\media\shaders\distance.fx">
      <Filter>shaders</Filter>
    </None>
  </ItemGroup>
  <ItemGroup>
    <ResourceCompile Include="..\media\common.rc">
      <Filter>resources</Filter>
    </ResourceCompile>
  </ItemGroup>
  <ItemGroup>
    <ClInclude Include="..\media\resource.h">
      <Filter>resources</Filter>
    </ClInclude>
    <ClInclude Include="..\common\dxext.h">
      <Filter>common</Filter>
    </ClInclude>
  </ItemGroup>
  <ItemGroup>
    <ClCompile Include="..\13_StencilShadow\main.cpp" />
    <ClCompile Include="..\13_StencilShadow\other.cpp" />
    <ClCompile Include="..\common\dxext.cpp">
      <Filter>common</Filter>
    </ClCompile>
  </ItemGroup>
</Project>