
Microsoft Visual Studio Solution File, Format Version 11.00
# Visual Studio 2010
Project("{2150E333-8FDC-42A3-9474-1A3956D46DE8}") = "VS_2010", "VS_2010", "{40A6DAEC-B6E2-49D1-B885-D7DD1CFC855F}"
EndProject
Project("{8BC9CEB8-8B4A-11D0-8D11-00A0C91BC942}") = "metalist", "vc100\metalist.vcxproj", "{026A7DFE-2B8D-41BD-AF92-6B5C8BE504B9}"
EndProject
Project("{8BC9CEB8-8B4A-11D0-8D11-00A0C91BC942}") = "myinterpreter", "vc100\myinterpreter.vcxproj", "{5F840ACB-2FAE-44B7-B001-B9C838AB8386}"
EndProject
Project("{8BC9CEB8-8B4A-11D0-8D11-00A0C91BC942}") = "mystl", "vc100\mystl.vcxproj", "{4447AEB8-8CED-454C-90B3-D06DC31E55FA}"
EndProject
Project("{8BC9CEB8-8B4A-11D0-8D11-00A0C91BC942}") = "orderedarray", "vc100\orderedarray.vcxproj", "{460A41C6-3D76-4E97-8419-F0D7F1CA40C7}"
EndProject
Project("{8BC9CEB8-8B4A-11D0-8D11-00A0C91BC942}") = "simpleinterpreter", "vc100\simpleinterpreter.vcxproj", "{307965FA-41D9-46BC-88A1-F8CC0E163F60}"
EndProject
Project("{8BC9CEB8-8B4A-11D0-8D11-00A0C91BC942}") = "winapi1", "vc100\winapi1.vcxproj", "{7BF7E99C-4256-4F7F-86E2-E8422175D4FE}"
EndProject
Project("{8BC9CEB8-8B4A-11D0-8D11-00A0C91BC942}") = "winapi2", "vc100\winapi2.vcxproj", "{0F997442-0425-4A95-85C6-93D7679A047F}"
EndProject
Project("{8BC9CEB8-8B4A-11D0-8D11-00A0C91BC942}") = "winapi3", "vc100\winapi3.vcxproj", "{C4B41060-D9DF-465E-B1E3-388CD4DDDA25}"
EndProject
Global
	GlobalSection(SolutionConfigurationPlatforms) = preSolution
		Debug|Win32 = Debug|Win32
		Release|Win32 = Release|Win32
	EndGlobalSection
	GlobalSection(ProjectConfigurationPlatforms) = postSolution
		{026A7DFE-2B8D-41BD-AF92-6B5C8BE504B9}.Debug|Win32.ActiveCfg = Debug|Win32
		{026A7DFE-2B8D-41BD-AF92-6B5C8BE504B9}.Debug|Win32.Build.0 = Debug|Win32
		{026A7DFE-2B8D-41BD-AF92-6B5C8BE504B9}.Release|Win32.ActiveCfg = Release|Win32
		{026A7DFE-2B8D-41BD-AF92-6B5C8BE504B9}.Release|Win32.Build.0 = Release|Win32
		{5F840ACB-2FAE-44B7-B001-B9C838AB8386}.Debug|Win32.ActiveCfg = Debug|Win32
		{5F840ACB-2FAE-44B7-B001-B9C838AB8386}.Debug|Win32.Build.0 = Debug|Win32
		{5F840ACB-2FAE-44B7-B001-B9C838AB8386}.Release|Win32.ActiveCfg = Release|Win32
		{5F840ACB-2FAE-44B7-B001-B9C838AB8386}.Release|Win32.Build.0 = Release|Win32
		{4447AEB8-8CED-454C-90B3-D06DC31E55FA}.Debug|Win32.ActiveCfg = Debug|Win32
		{4447AEB8-8CED-454C-90B3-D06DC31E55FA}.Debug|Win32.Build.0 = Debug|Win32
		{4447AEB8-8CED-454C-90B3-D06DC31E55FA}.Release|Win32.ActiveCfg = Release|Win32
		{4447AEB8-8CED-454C-90B3-D06DC31E55FA}.Release|Win32.Build.0 = Release|Win32
		{460A41C6-3D76-4E97-8419-F0D7F1CA40C7}.Debug|Win32.ActiveCfg = Debug|Win32
		{460A41C6-3D76-4E97-8419-F0D7F1CA40C7}.Debug|Win32.Build.0 = Debug|Win32
		{460A41C6-3D76-4E97-8419-F0D7F1CA40C7}.Release|Win32.ActiveCfg = Release|Win32
		{460A41C6-3D76-4E97-8419-F0D7F1CA40C7}.Release|Win32.Build.0 = Release|Win32
		{307965FA-41D9-46BC-88A1-F8CC0E163F60}.Debug|Win32.ActiveCfg = Debug|Win32
		{307965FA-41D9-46BC-88A1-F8CC0E163F60}.Debug|Win32.Build.0 = Debug|Win32
		{307965FA-41D9-46BC-88A1-F8CC0E163F60}.Release|Win32.ActiveCfg = Release|Win32
		{307965FA-41D9-46BC-88A1-F8CC0E163F60}.Release|Win32.Build.0 = Release|Win32
		{7BF7E99C-4256-4F7F-86E2-E8422175D4FE}.Debug|Win32.ActiveCfg = Debug|Win32
		{7BF7E99C-4256-4F7F-86E2-E8422175D4FE}.Debug|Win32.Build.0 = Debug|Win32
		{7BF7E99C-4256-4F7F-86E2-E8422175D4FE}.Release|Win32.ActiveCfg = Release|Win32
		{7BF7E99C-4256-4F7F-86E2-E8422175D4FE}.Release|Win32.Build.0 = Release|Win32
		{0F997442-0425-4A95-85C6-93D7679A047F}.Debug|Win32.ActiveCfg = Debug|Win32
		{0F997442-0425-4A95-85C6-93D7679A047F}.Debug|Win32.Build.0 = Debug|Win32
		{0F997442-0425-4A95-85C6-93D7679A047F}.Release|Win32.ActiveCfg = Release|Win32
		{0F997442-0425-4A95-85C6-93D7679A047F}.Release|Win32.Build.0 = Release|Win32
		{C4B41060-D9DF-465E-B1E3-388CD4DDDA25}.Debug|Win32.ActiveCfg = Debug|Win32
		{C4B41060-D9DF-465E-B1E3-388CD4DDDA25}.Debug|Win32.Build.0 = Debug|Win32
		{C4B41060-D9DF-465E-B1E3-388CD4DDDA25}.Release|Win32.ActiveCfg = Release|Win32
		{C4B41060-D9DF-465E-B1E3-388CD4DDDA25}.Release|Win32.Build.0 = Release|Win32
	EndGlobalSection
	GlobalSection(SolutionProperties) = preSolution
		HideSolutionNode = FALSE
	EndGlobalSection
	GlobalSection(NestedProjects) = preSolution
		{026A7DFE-2B8D-41BD-AF92-6B5C8BE504B9} = {40A6DAEC-B6E2-49D1-B885-D7DD1CFC855F}
		{5F840ACB-2FAE-44B7-B001-B9C838AB8386} = {40A6DAEC-B6E2-49D1-B885-D7DD1CFC855F}
		{4447AEB8-8CED-454C-90B3-D06DC31E55FA} = {40A6DAEC-B6E2-49D1-B885-D7DD1CFC855F}
		{460A41C6-3D76-4E97-8419-F0D7F1CA40C7} = {40A6DAEC-B6E2-49D1-B885-D7DD1CFC855F}
		{307965FA-41D9-46BC-88A1-F8CC0E163F60} = {40A6DAEC-B6E2-49D1-B885-D7DD1CFC855F}
		{7BF7E99C-4256-4F7F-86E2-E8422175D4FE} = {40A6DAEC-B6E2-49D1-B885-D7DD1CFC855F}
		{0F997442-0425-4A95-85C6-93D7679A047F} = {40A6DAEC-B6E2-49D1-B885-D7DD1CFC855F}
		{C4B41060-D9DF-465E-B1E3-388CD4DDDA25} = {40A6DAEC-B6E2-49D1-B885-D7DD1CFC855F}
	EndGlobalSection
EndGlobal
