
Microsoft Visual Studio Solution File, Format Version 11.00
# Visual Studio 2010
Project("{8BC9CEB8-8B4A-11D0-8D11-00A0C91BC942}") = "01_FixedFunction", "vc100\01_FixedFunction.vcxproj", "{78A6573E-33BA-4988-ABF9-C7DE1E9006E6}"
EndProject
Project("{8BC9CEB8-8B4A-11D0-8D11-00A0C91BC942}") = "02_BasicShader", "vc100\02_BasicShader.vcxproj", "{5AB5BF0D-A151-4593-B4A3-6715C6A98A66}"
EndProject
Project("{8BC9CEB8-8B4A-11D0-8D11-00A0C91BC942}") = "03_Texturing", "vc100\03_Texturing.vcxproj", "{7F5C1D46-946E-4C1A-8047-E949163928D5}"
EndProject
Project("{8BC9CEB8-8B4A-11D0-8D11-00A0C91BC942}") = "04_BlinnPhong", "vc100\04_BlinnPhong.vcxproj", "{5AC02C1E-C91F-49DA-B371-77328EC80FA9}"
EndProject
Project("{8BC9CEB8-8B4A-11D0-8D11-00A0C91BC942}") = "05_NormalMap", "vc100\05_NormalMap.vcxproj", "{A534F345-1A30-410C-A6EC-6BAD9C34F401}"
EndProject
Project("{8BC9CEB8-8B4A-11D0-8D11-00A0C91BC942}") = "06_Water", "vc100\06_Water.vcxproj", "{CDBC11B3-1F5C-4AE1-87A7-8FA764B96F6B}"
EndProject
Project("{8BC9CEB8-8B4A-11D0-8D11-00A0C91BC942}") = "07_Relief", "vc100\07_Relief.vcxproj", "{D09921FC-EF6B-42D7-87CD-100FF39C7EB7}"
EndProject
Project("{8BC9CEB8-8B4A-11D0-8D11-00A0C91BC942}") = "08_CelShading", "vc100\08_CelShading.vcxproj", "{A92983DD-4643-4911-90B3-51C9261DABF7}"
EndProject
Project("{8BC9CEB8-8B4A-11D0-8D11-00A0C91BC942}") = "09_Animation", "vc100\09_Animation.vcxproj", "{4123AFF9-9A52-4497-9DBA-8A0CF81186FF}"
EndProject
Project("{8BC9CEB8-8B4A-11D0-8D11-00A0C91BC942}") = "10_HDR", "vc100\10_HDR.vcxproj", "{1BEE68DC-907B-4994-B4F6-4C75CFB3614F}"
EndProject
Project("{8BC9CEB8-8B4A-11D0-8D11-00A0C91BC942}") = "11_Particles", "vc100\11_Particles.vcxproj", "{65CB3D73-9FC6-4908-A8E5-0F9A0C4C7BAF}"
EndProject
Project("{8BC9CEB8-8B4A-11D0-8D11-00A0C91BC942}") = "12_VarianceShadow", "vc100\12_VarianceShadow.vcxproj", "{AD9DE510-26DA-4153-B32B-B5AE2010DDF4}"
EndProject
Project("{8BC9CEB8-8B4A-11D0-8D11-00A0C91BC942}") = "14_VirtualCubemap", "vc100\14_VirtualCubemap.vcxproj", "{037DC7DA-720D-4620-A3A1-89BC7CAA3838}"
EndProject
Project("{8BC9CEB8-8B4A-11D0-8D11-00A0C91BC942}") = "16_Pathtracing", "vc100\16_Pathtracing.vcxproj", "{75E43BC1-3015-4802-9A23-0A67433E1A32}"
EndProject
Project("{8BC9CEB8-8B4A-11D0-8D11-00A0C91BC942}") = "WGLTest", "vc100\WGLTest.vcxproj", "{E73B9E80-A76A-4EF1-A139-E5A5E5EB1644}"
EndProject
Project("{8BC9CEB8-8B4A-11D0-8D11-00A0C91BC942}") = "15_DeferredShading", "vc100\15_DeferredShading.vcxproj", "{ACC53D50-1217-4CBA-A049-BCA5A1472868}"
EndProject
Project("{8BC9CEB8-8B4A-11D0-8D11-00A0C91BC942}") = "IntelTest", "vc100\IntelTest.vcxproj", "{D850013C-11F3-4C6E-B8E1-A82751C89B6B}"
EndProject
Project("{8BC9CEB8-8B4A-11D0-8D11-00A0C91BC942}") = "18_DeferredLighting", "vc100\18_DeferredLighting.vcxproj", "{7FB6FE12-2007-46F5-B684-5051630AA510}"
EndProject
Project("{8BC9CEB8-8B4A-11D0-8D11-00A0C91BC942}") = "17_Combiners", "vc100\17_Combiners.vcxproj", "{187B807A-0984-4483-82DE-FE4FE056F31F}"
EndProject
Project("{8BC9CEB8-8B4A-11D0-8D11-00A0C91BC942}") = "CoreProfileTest", "vc100\CoreProfileTest.vcxproj", "{EA562003-C608-4251-9229-37331A0C4F5D}"
EndProject
Project("{8BC9CEB8-8B4A-11D0-8D11-00A0C91BC942}") = "13_StencilShadow", "vc100\13_StencilShadow.vcxproj", "{B79A67CD-FFB3-4B34-B87F-3945BE4C702D}"
EndProject
Global
	GlobalSection(SolutionConfigurationPlatforms) = preSolution
		Debug|Win32 = Debug|Win32
		Release|Win32 = Release|Win32
	EndGlobalSection
	GlobalSection(ProjectConfigurationPlatforms) = postSolution
		{78A6573E-33BA-4988-ABF9-C7DE1E9006E6}.Debug|Win32.ActiveCfg = Debug|Win32
		{78A6573E-33BA-4988-ABF9-C7DE1E9006E6}.Debug|Win32.Build.0 = Debug|Win32
		{78A6573E-33BA-4988-ABF9-C7DE1E9006E6}.Release|Win32.ActiveCfg = Release|Win32
		{78A6573E-33BA-4988-ABF9-C7DE1E9006E6}.Release|Win32.Build.0 = Release|Win32
		{5AB5BF0D-A151-4593-B4A3-6715C6A98A66}.Debug|Win32.ActiveCfg = Debug|Win32
		{5AB5BF0D-A151-4593-B4A3-6715C6A98A66}.Debug|Win32.Build.0 = Debug|Win32
		{5AB5BF0D-A151-4593-B4A3-6715C6A98A66}.Release|Win32.ActiveCfg = Release|Win32
		{5AB5BF0D-A151-4593-B4A3-6715C6A98A66}.Release|Win32.Build.0 = Release|Win32
		{7F5C1D46-946E-4C1A-8047-E949163928D5}.Debug|Win32.ActiveCfg = Debug|Win32
		{7F5C1D46-946E-4C1A-8047-E949163928D5}.Debug|Win32.Build.0 = Debug|Win32
		{7F5C1D46-946E-4C1A-8047-E949163928D5}.Release|Win32.ActiveCfg = Release|Win32
		{7F5C1D46-946E-4C1A-8047-E949163928D5}.Release|Win32.Build.0 = Release|Win32
		{5AC02C1E-C91F-49DA-B371-77328EC80FA9}.Debug|Win32.ActiveCfg = Debug|Win32
		{5AC02C1E-C91F-49DA-B371-77328EC80FA9}.Debug|Win32.Build.0 = Debug|Win32
		{5AC02C1E-C91F-49DA-B371-77328EC80FA9}.Release|Win32.ActiveCfg = Release|Win32
		{5AC02C1E-C91F-49DA-B371-77328EC80FA9}.Release|Win32.Build.0 = Release|Win32
		{A534F345-1A30-410C-A6EC-6BAD9C34F401}.Debug|Win32.ActiveCfg = Debug|Win32
		{A534F345-1A30-410C-A6EC-6BAD9C34F401}.Debug|Win32.Build.0 = Debug|Win32
		{A534F345-1A30-410C-A6EC-6BAD9C34F401}.Release|Win32.ActiveCfg = Release|Win32
		{A534F345-1A30-410C-A6EC-6BAD9C34F401}.Release|Win32.Build.0 = Release|Win32
		{CDBC11B3-1F5C-4AE1-87A7-8FA764B96F6B}.Debug|Win32.ActiveCfg = Debug|Win32
		{CDBC11B3-1F5C-4AE1-87A7-8FA764B96F6B}.Debug|Win32.Build.0 = Debug|Win32
		{CDBC11B3-1F5C-4AE1-87A7-8FA764B96F6B}.Release|Win32.ActiveCfg = Release|Win32
		{CDBC11B3-1F5C-4AE1-87A7-8FA764B96F6B}.Release|Win32.Build.0 = Release|Win32
		{D09921FC-EF6B-42D7-87CD-100FF39C7EB7}.Debug|Win32.ActiveCfg = Debug|Win32
		{D09921FC-EF6B-42D7-87CD-100FF39C7EB7}.Debug|Win32.Build.0 = Debug|Win32
		{D09921FC-EF6B-42D7-87CD-100FF39C7EB7}.Release|Win32.ActiveCfg = Release|Win32
		{D09921FC-EF6B-42D7-87CD-100FF39C7EB7}.Release|Win32.Build.0 = Release|Win32
		{A92983DD-4643-4911-90B3-51C9261DABF7}.Debug|Win32.ActiveCfg = Debug|Win32
		{A92983DD-4643-4911-90B3-51C9261DABF7}.Debug|Win32.Build.0 = Debug|Win32
		{A92983DD-4643-4911-90B3-51C9261DABF7}.Release|Win32.ActiveCfg = Release|Win32
		{A92983DD-4643-4911-90B3-51C9261DABF7}.Release|Win32.Build.0 = Release|Win32
		{4123AFF9-9A52-4497-9DBA-8A0CF81186FF}.Debug|Win32.ActiveCfg = Debug|Win32
		{4123AFF9-9A52-4497-9DBA-8A0CF81186FF}.Debug|Win32.Build.0 = Debug|Win32
		{4123AFF9-9A52-4497-9DBA-8A0CF81186FF}.Release|Win32.ActiveCfg = Release|Win32
		{4123AFF9-9A52-4497-9DBA-8A0CF81186FF}.Release|Win32.Build.0 = Release|Win32
		{1BEE68DC-907B-4994-B4F6-4C75CFB3614F}.Debug|Win32.ActiveCfg = Debug|Win32
		{1BEE68DC-907B-4994-B4F6-4C75CFB3614F}.Debug|Win32.Build.0 = Debug|Win32
		{1BEE68DC-907B-4994-B4F6-4C75CFB3614F}.Release|Win32.ActiveCfg = Release|Win32
		{1BEE68DC-907B-4994-B4F6-4C75CFB3614F}.Release|Win32.Build.0 = Release|Win32
		{65CB3D73-9FC6-4908-A8E5-0F9A0C4C7BAF}.Debug|Win32.ActiveCfg = Debug|Win32
		{65CB3D73-9FC6-4908-A8E5-0F9A0C4C7BAF}.Debug|Win32.Build.0 = Debug|Win32
		{65CB3D73-9FC6-4908-A8E5-0F9A0C4C7BAF}.Release|Win32.ActiveCfg = Release|Win32
		{65CB3D73-9FC6-4908-A8E5-0F9A0C4C7BAF}.Release|Win32.Build.0 = Release|Win32
		{AD9DE510-26DA-4153-B32B-B5AE2010DDF4}.Debug|Win32.ActiveCfg = Debug|Win32
		{AD9DE510-26DA-4153-B32B-B5AE2010DDF4}.Debug|Win32.Build.0 = Debug|Win32
		{AD9DE510-26DA-4153-B32B-B5AE2010DDF4}.Release|Win32.ActiveCfg = Release|Win32
		{AD9DE510-26DA-4153-B32B-B5AE2010DDF4}.Release|Win32.Build.0 = Release|Win32
		{037DC7DA-720D-4620-A3A1-89BC7CAA3838}.Debug|Win32.ActiveCfg = Debug|Win32
		{037DC7DA-720D-4620-A3A1-89BC7CAA3838}.Debug|Win32.Build.0 = Debug|Win32
		{037DC7DA-720D-4620-A3A1-89BC7CAA3838}.Release|Win32.ActiveCfg = Release|Win32
		{037DC7DA-720D-4620-A3A1-89BC7CAA3838}.Release|Win32.Build.0 = Release|Win32
		{75E43BC1-3015-4802-9A23-0A67433E1A32}.Debug|Win32.ActiveCfg = Debug|Win32
		{75E43BC1-3015-4802-9A23-0A67433E1A32}.Debug|Win32.Build.0 = Debug|Win32
		{75E43BC1-3015-4802-9A23-0A67433E1A32}.Release|Win32.ActiveCfg = Release|Win32
		{75E43BC1-3015-4802-9A23-0A67433E1A32}.Release|Win32.Build.0 = Release|Win32
		{E73B9E80-A76A-4EF1-A139-E5A5E5EB1644}.Debug|Win32.ActiveCfg = Debug|Win32
		{E73B9E80-A76A-4EF1-A139-E5A5E5EB1644}.Debug|Win32.Build.0 = Debug|Win32
		{E73B9E80-A76A-4EF1-A139-E5A5E5EB1644}.Release|Win32.ActiveCfg = Release|Win32
		{E73B9E80-A76A-4EF1-A139-E5A5E5EB1644}.Release|Win32.Build.0 = Release|Win32
		{ACC53D50-1217-4CBA-A049-BCA5A1472868}.Debug|Win32.ActiveCfg = Debug|Win32
		{ACC53D50-1217-4CBA-A049-BCA5A1472868}.Debug|Win32.Build.0 = Debug|Win32
		{ACC53D50-1217-4CBA-A049-BCA5A1472868}.Release|Win32.ActiveCfg = Release|Win32
		{ACC53D50-1217-4CBA-A049-BCA5A1472868}.Release|Win32.Build.0 = Release|Win32
		{D850013C-11F3-4C6E-B8E1-A82751C89B6B}.Debug|Win32.ActiveCfg = Debug|Win32
		{D850013C-11F3-4C6E-B8E1-A82751C89B6B}.Debug|Win32.Build.0 = Debug|Win32
		{D850013C-11F3-4C6E-B8E1-A82751C89B6B}.Release|Win32.ActiveCfg = Release|Win32
		{D850013C-11F3-4C6E-B8E1-A82751C89B6B}.Release|Win32.Build.0 = Release|Win32
		{7FB6FE12-2007-46F5-B684-5051630AA510}.Debug|Win32.ActiveCfg = Debug|Win32
		{7FB6FE12-2007-46F5-B684-5051630AA510}.Debug|Win32.Build.0 = Debug|Win32
		{7FB6FE12-2007-46F5-B684-5051630AA510}.Release|Win32.ActiveCfg = Release|Win32
		{7FB6FE12-2007-46F5-B684-5051630AA510}.Release|Win32.Build.0 = Release|Win32
		{187B807A-0984-4483-82DE-FE4FE056F31F}.Debug|Win32.ActiveCfg = Debug|Win32
		{187B807A-0984-4483-82DE-FE4FE056F31F}.Debug|Win32.Build.0 = Debug|Win32
		{187B807A-0984-4483-82DE-FE4FE056F31F}.Release|Win32.ActiveCfg = Release|Win32
		{187B807A-0984-4483-82DE-FE4FE056F31F}.Release|Win32.Build.0 = Release|Win32
		{EA562003-C608-4251-9229-37331A0C4F5D}.Debug|Win32.ActiveCfg = Debug|Win32
		{EA562003-C608-4251-9229-37331A0C4F5D}.Debug|Win32.Build.0 = Debug|Win32
		{EA562003-C608-4251-9229-37331A0C4F5D}.Release|Win32.ActiveCfg = Release|Win32
		{EA562003-C608-4251-9229-37331A0C4F5D}.Release|Win32.Build.0 = Release|Win32
		{B79A67CD-FFB3-4B34-B87F-3945BE4C702D}.Debug|Win32.ActiveCfg = Debug|Win32
		{B79A67CD-FFB3-4B34-B87F-3945BE4C702D}.Debug|Win32.Build.0 = Debug|Win32
		{B79A67CD-FFB3-4B34-B87F-3945BE4C702D}.Release|Win32.ActiveCfg = Release|Win32
		{B79A67CD-FFB3-4B34-B87F-3945BE4C702D}.Release|Win32.Build.0 = Release|Win32
	EndGlobalSection
	GlobalSection(SolutionProperties) = preSolution
		HideSolutionNode = FALSE
	EndGlobalSection
EndGlobal
