
Microsoft Visual Studio Solution File, Format Version 12.00
# Visual Studio 2010
Project("{8BC9CEB8-8B4A-11D0-8D11-00A0C91BC942}") = "01_FixedFunction", "vc100\01_FixedFunction.vcxproj", "{F7EA0641-8334-4F3B-BB7F-AE29DAE85FEA}"
EndProject
Project("{8BC9CEB8-8B4A-11D0-8D11-00A0C91BC942}") = "02_BasicShader", "vc100\02_BasicShader.vcxproj", "{079789BB-1D84-43D4-96B8-C54CE3952570}"
EndProject
Project("{8BC9CEB8-8B4A-11D0-8D11-00A0C91BC942}") = "03_Texturing", "vc100\03_Texturing.vcxproj", "{422B7DA0-04E2-44AA-9D9A-B920653281BD}"
EndProject
Project("{8BC9CEB8-8B4A-11D0-8D11-00A0C91BC942}") = "04_BlinnPhong", "vc100\04_BlinnPhong.vcxproj", "{4524C5AD-5944-4673-B20E-C6C672B7FF1B}"
EndProject
Project("{8BC9CEB8-8B4A-11D0-8D11-00A0C91BC942}") = "05_NormalMap", "vc100\05_NormalMap.vcxproj", "{05DF158A-7668-41EF-BD4F-2E9FB50CA0AA}"
EndProject
Project("{8BC9CEB8-8B4A-11D0-8D11-00A0C91BC942}") = "06_Water", "vc100\06_Water.vcxproj", "{755512AA-51CE-4A17-92BD-6D0C31F20F16}"
EndProject
Project("{8BC9CEB8-8B4A-11D0-8D11-00A0C91BC942}") = "07_Relief", "vc100\07_Relief.vcxproj", "{4A0F3F02-4723-4F9B-B4D3-3C97BA8D0811}"
EndProject
Project("{8BC9CEB8-8B4A-11D0-8D11-00A0C91BC942}") = "08_CelShading", "vc100\08_CelShading.vcxproj", "{4148DCF6-1F1D-41EE-914D-704407F778FB}"
EndProject
Project("{8BC9CEB8-8B4A-11D0-8D11-00A0C91BC942}") = "09_Animation", "vc100\09_Animation.vcxproj", "{4FFF427E-1D9D-4660-8A3F-E78BE8F9FCBB}"
EndProject
Project("{8BC9CEB8-8B4A-11D0-8D11-00A0C91BC942}") = "10_HDR", "vc100\10_HDR.vcxproj", "{F56A5A38-7B63-4446-95F8-C76C2B698FFC}"
EndProject
Project("{8BC9CEB8-8B4A-11D0-8D11-00A0C91BC942}") = "11_Particles", "vc100\11_Particles.vcxproj", "{756B80B1-BF26-4086-9028-F0D222BB78EF}"
EndProject
Project("{8BC9CEB8-8B4A-11D0-8D11-00A0C91BC942}") = "15_DeferredShading", "vc100\15_DeferredShading.vcxproj", "{EAA35211-B48C-4CE7-BA45-76AB359B8192}"
EndProject
Project("{8BC9CEB8-8B4A-11D0-8D11-00A0C91BC942}") = "18_DeferredLighting", "vc100\18_DeferredLighting.vcxproj", "{7FB6FE12-2007-46F5-B684-5051630AA510}"
EndProject
Project("{8BC9CEB8-8B4A-11D0-8D11-00A0C91BC942}") = "17_Combiners", "vc100\17_Combiners.vcxproj", "{12761B18-CE28-41C6-82BF-422CB546428B}"
EndProject
Project("{8BC9CEB8-8B4A-11D0-8D11-00A0C91BC942}") = "13_StencilShadow", "vc100\13_StencilShadow.vcxproj", "{B79A67CD-FFB3-4B34-B87F-3945BE4C702D}"
EndProject
Project("{8BC9CEB8-8B4A-11D0-8D11-00A0C91BC942}") = "13_StencilShadow10", "vc100\13_StencilShadow10.vcxproj", "{00CAEC6D-69F2-40CB-ADAD-6D7FF08485B8}"
EndProject
Project("{8BC9CEB8-8B4A-11D0-8D11-00A0C91BC942}") = "21_Fresnel", "vc100\21_Fresnel.vcxproj", "{A589A7A1-CB92-4779-A863-325499B2FC9C}"
EndProject
Project("{8BC9CEB8-8B4A-11D0-8D11-00A0C91BC942}") = "22_Compute", "vc100\22_Compute.vcxproj", "{EA562003-C608-4251-9229-37331A0C4F5D}"
EndProject
Project("{8BC9CEB8-8B4A-11D0-8D11-00A0C91BC942}") = "16_CoreProfile", "vc100\16_CoreProfile.vcxproj", "{4EFF735A-1151-4060-B03C-5E6AD223D804}"
EndProject
Project("{8BC9CEB8-8B4A-11D0-8D11-00A0C91BC942}") = "19_JitteredShadow", "vc100\19_JitteredShadow.vcxproj", "{7CB83449-B22B-4193-9130-AD5784F4F9CD}"
EndProject
Project("{8BC9CEB8-8B4A-11D0-8D11-00A0C91BC942}") = "22_ForwardPlus", "vc100\22_ForwardPlus.vcxproj", "{5C0D2CA4-ACC2-4BF4-AF97-DFEB90D78C69}"
EndProject
Project("{8BC9CEB8-8B4A-11D0-8D11-00A0C91BC942}") = "22_Transparency", "vc100\22_Transparency.vcxproj", "{1739F8A3-646F-49BF-815A-28F7986AB0EF}"
EndProject
Global
	GlobalSection(SolutionConfigurationPlatforms) = preSolution
		Debug|Win32 = Debug|Win32
		Release|Win32 = Release|Win32
	EndGlobalSection
	GlobalSection(ProjectConfigurationPlatforms) = postSolution
		{F7EA0641-8334-4F3B-BB7F-AE29DAE85FEA}.Debug|Win32.ActiveCfg = Debug|Win32
		{F7EA0641-8334-4F3B-BB7F-AE29DAE85FEA}.Debug|Win32.Build.0 = Debug|Win32
		{F7EA0641-8334-4F3B-BB7F-AE29DAE85FEA}.Release|Win32.ActiveCfg = Release|Win32
		{F7EA0641-8334-4F3B-BB7F-AE29DAE85FEA}.Release|Win32.Build.0 = Release|Win32
		{079789BB-1D84-43D4-96B8-C54CE3952570}.Debug|Win32.ActiveCfg = Debug|Win32
		{079789BB-1D84-43D4-96B8-C54CE3952570}.Debug|Win32.Build.0 = Debug|Win32
		{079789BB-1D84-43D4-96B8-C54CE3952570}.Release|Win32.ActiveCfg = Release|Win32
		{079789BB-1D84-43D4-96B8-C54CE3952570}.Release|Win32.Build.0 = Release|Win32
		{422B7DA0-04E2-44AA-9D9A-B920653281BD}.Debug|Win32.ActiveCfg = Debug|Win32
		{422B7DA0-04E2-44AA-9D9A-B920653281BD}.Debug|Win32.Build.0 = Debug|Win32
		{422B7DA0-04E2-44AA-9D9A-B920653281BD}.Release|Win32.ActiveCfg = Release|Win32
		{422B7DA0-04E2-44AA-9D9A-B920653281BD}.Release|Win32.Build.0 = Release|Win32
		{4524C5AD-5944-4673-B20E-C6C672B7FF1B}.Debug|Win32.ActiveCfg = Debug|Win32
		{4524C5AD-5944-4673-B20E-C6C672B7FF1B}.Debug|Win32.Build.0 = Debug|Win32
		{4524C5AD-5944-4673-B20E-C6C672B7FF1B}.Release|Win32.ActiveCfg = Release|Win32
		{4524C5AD-5944-4673-B20E-C6C672B7FF1B}.Release|Win32.Build.0 = Release|Win32
		{05DF158A-7668-41EF-BD4F-2E9FB50CA0AA}.Debug|Win32.ActiveCfg = Debug|Win32
		{05DF158A-7668-41EF-BD4F-2E9FB50CA0AA}.Debug|Win32.Build.0 = Debug|Win32
		{05DF158A-7668-41EF-BD4F-2E9FB50CA0AA}.Release|Win32.ActiveCfg = Release|Win32
		{05DF158A-7668-41EF-BD4F-2E9FB50CA0AA}.Release|Win32.Build.0 = Release|Win32
		{755512AA-51CE-4A17-92BD-6D0C31F20F16}.Debug|Win32.ActiveCfg = Debug|Win32
		{755512AA-51CE-4A17-92BD-6D0C31F20F16}.Debug|Win32.Build.0 = Debug|Win32
		{755512AA-51CE-4A17-92BD-6D0C31F20F16}.Release|Win32.ActiveCfg = Release|Win32
		{755512AA-51CE-4A17-92BD-6D0C31F20F16}.Release|Win32.Build.0 = Release|Win32
		{4A0F3F02-4723-4F9B-B4D3-3C97BA8D0811}.Debug|Win32.ActiveCfg = Debug|Win32
		{4A0F3F02-4723-4F9B-B4D3-3C97BA8D0811}.Debug|Win32.Build.0 = Debug|Win32
		{4A0F3F02-4723-4F9B-B4D3-3C97BA8D0811}.Release|Win32.ActiveCfg = Release|Win32
		{4A0F3F02-4723-4F9B-B4D3-3C97BA8D0811}.Release|Win32.Build.0 = Release|Win32
		{4148DCF6-1F1D-41EE-914D-704407F778FB}.Debug|Win32.ActiveCfg = Debug|Win32
		{4148DCF6-1F1D-41EE-914D-704407F778FB}.Debug|Win32.Build.0 = Debug|Win32
		{4148DCF6-1F1D-41EE-914D-704407F778FB}.Release|Win32.ActiveCfg = Release|Win32
		{4148DCF6-1F1D-41EE-914D-704407F778FB}.Release|Win32.Build.0 = Release|Win32
		{4FFF427E-1D9D-4660-8A3F-E78BE8F9FCBB}.Debug|Win32.ActiveCfg = Debug|Win32
		{4FFF427E-1D9D-4660-8A3F-E78BE8F9FCBB}.Debug|Win32.Build.0 = Debug|Win32
		{4FFF427E-1D9D-4660-8A3F-E78BE8F9FCBB}.Release|Win32.ActiveCfg = Release|Win32
		{4FFF427E-1D9D-4660-8A3F-E78BE8F9FCBB}.Release|Win32.Build.0 = Release|Win32
		{F56A5A38-7B63-4446-95F8-C76C2B698FFC}.Debug|Win32.ActiveCfg = Debug|Win32
		{F56A5A38-7B63-4446-95F8-C76C2B698FFC}.Debug|Win32.Build.0 = Debug|Win32
		{F56A5A38-7B63-4446-95F8-C76C2B698FFC}.Release|Win32.ActiveCfg = Release|Win32
		{F56A5A38-7B63-4446-95F8-C76C2B698FFC}.Release|Win32.Build.0 = Release|Win32
		{756B80B1-BF26-4086-9028-F0D222BB78EF}.Debug|Win32.ActiveCfg = Debug|Win32
		{756B80B1-BF26-4086-9028-F0D222BB78EF}.Debug|Win32.Build.0 = Debug|Win32
		{756B80B1-BF26-4086-9028-F0D222BB78EF}.Release|Win32.ActiveCfg = Release|Win32
		{756B80B1-BF26-4086-9028-F0D222BB78EF}.Release|Win32.Build.0 = Release|Win32
		{EAA35211-B48C-4CE7-BA45-76AB359B8192}.Debug|Win32.ActiveCfg = Debug|Win32
		{EAA35211-B48C-4CE7-BA45-76AB359B8192}.Debug|Win32.Build.0 = Debug|Win32
		{EAA35211-B48C-4CE7-BA45-76AB359B8192}.Release|Win32.ActiveCfg = Release|Win32
		{EAA35211-B48C-4CE7-BA45-76AB359B8192}.Release|Win32.Build.0 = Release|Win32
		{7FB6FE12-2007-46F5-B684-5051630AA510}.Debug|Win32.ActiveCfg = Debug|Win32
		{7FB6FE12-2007-46F5-B684-5051630AA510}.Debug|Win32.Build.0 = Debug|Win32
		{7FB6FE12-2007-46F5-B684-5051630AA510}.Release|Win32.ActiveCfg = Release|Win32
		{7FB6FE12-2007-46F5-B684-5051630AA510}.Release|Win32.Build.0 = Release|Win32
		{12761B18-CE28-41C6-82BF-422CB546428B}.Debug|Win32.ActiveCfg = Debug|Win32
		{12761B18-CE28-41C6-82BF-422CB546428B}.Debug|Win32.Build.0 = Debug|Win32
		{12761B18-CE28-41C6-82BF-422CB546428B}.Release|Win32.ActiveCfg = Release|Win32
		{12761B18-CE28-41C6-82BF-422CB546428B}.Release|Win32.Build.0 = Release|Win32
		{B79A67CD-FFB3-4B34-B87F-3945BE4C702D}.Debug|Win32.ActiveCfg = Debug|Win32
		{B79A67CD-FFB3-4B34-B87F-3945BE4C702D}.Debug|Win32.Build.0 = Debug|Win32
		{B79A67CD-FFB3-4B34-B87F-3945BE4C702D}.Release|Win32.ActiveCfg = Release|Win32
		{B79A67CD-FFB3-4B34-B87F-3945BE4C702D}.Release|Win32.Build.0 = Release|Win32
		{00CAEC6D-69F2-40CB-ADAD-6D7FF08485B8}.Debug|Win32.ActiveCfg = Debug|Win32
		{00CAEC6D-69F2-40CB-ADAD-6D7FF08485B8}.Debug|Win32.Build.0 = Debug|Win32
		{00CAEC6D-69F2-40CB-ADAD-6D7FF08485B8}.Release|Win32.ActiveCfg = Release|Win32
		{00CAEC6D-69F2-40CB-ADAD-6D7FF08485B8}.Release|Win32.Build.0 = Release|Win32
		{A589A7A1-CB92-4779-A863-325499B2FC9C}.Debug|Win32.ActiveCfg = Debug|Win32
		{A589A7A1-CB92-4779-A863-325499B2FC9C}.Debug|Win32.Build.0 = Debug|Win32
		{A589A7A1-CB92-4779-A863-325499B2FC9C}.Release|Win32.ActiveCfg = Release|Win32
		{A589A7A1-CB92-4779-A863-325499B2FC9C}.Release|Win32.Build.0 = Release|Win32
		{EA562003-C608-4251-9229-37331A0C4F5D}.Debug|Win32.ActiveCfg = Debug|Win32
		{EA562003-C608-4251-9229-37331A0C4F5D}.Debug|Win32.Build.0 = Debug|Win32
		{EA562003-C608-4251-9229-37331A0C4F5D}.Release|Win32.ActiveCfg = Release|Win32
		{EA562003-C608-4251-9229-37331A0C4F5D}.Release|Win32.Build.0 = Release|Win32
		{4EFF735A-1151-4060-B03C-5E6AD223D804}.Debug|Win32.ActiveCfg = Debug|Win32
		{4EFF735A-1151-4060-B03C-5E6AD223D804}.Debug|Win32.Build.0 = Debug|Win32
		{4EFF735A-1151-4060-B03C-5E6AD223D804}.Release|Win32.ActiveCfg = Release|Win32
		{4EFF735A-1151-4060-B03C-5E6AD223D804}.Release|Win32.Build.0 = Release|Win32
		{7CB83449-B22B-4193-9130-AD5784F4F9CD}.Debug|Win32.ActiveCfg = Debug|Win32
		{7CB83449-B22B-4193-9130-AD5784F4F9CD}.Debug|Win32.Build.0 = Debug|Win32
		{7CB83449-B22B-4193-9130-AD5784F4F9CD}.Release|Win32.ActiveCfg = Release|Win32
		{7CB83449-B22B-4193-9130-AD5784F4F9CD}.Release|Win32.Build.0 = Release|Win32
		{5C0D2CA4-ACC2-4BF4-AF97-DFEB90D78C69}.Debug|Win32.ActiveCfg = Debug|Win32
		{5C0D2CA4-ACC2-4BF4-AF97-DFEB90D78C69}.Debug|Win32.Build.0 = Debug|Win32
		{5C0D2CA4-ACC2-4BF4-AF97-DFEB90D78C69}.Release|Win32.ActiveCfg = Release|Win32
		{5C0D2CA4-ACC2-4BF4-AF97-DFEB90D78C69}.Release|Win32.Build.0 = Release|Win32
		{1739F8A3-646F-49BF-815A-28F7986AB0EF}.Debug|Win32.ActiveCfg = Debug|Win32
		{1739F8A3-646F-49BF-815A-28F7986AB0EF}.Debug|Win32.Build.0 = Debug|Win32
		{1739F8A3-646F-49BF-815A-28F7986AB0EF}.Release|Win32.ActiveCfg = Release|Win32
		{1739F8A3-646F-49BF-815A-28F7986AB0EF}.Release|Win32.Build.0 = Release|Win32
	EndGlobalSection
	GlobalSection(SolutionProperties) = preSolution
		HideSolutionNode = FALSE
	EndGlobalSection
EndGlobal
