// !$*UTF8*$!
{
	archiveVersion = 1;
	classes = {
	};
	objectVersion = 46;
	objects = {

/* Begin PBXBuildFile section */
		73818677171D6BEF009A27B0 /* Cocoa.framework in Frameworks */ = {isa = PBXBuildFile; fileRef = 73818676171D6BEF009A27B0 /* Cocoa.framework */; };
		73818681171D6BEF009A27B0 /* InfoPlist.strings in Resources */ = {isa = PBXBuildFile; fileRef = 7381867F171D6BEF009A27B0 /* InfoPlist.strings */; };
		73818683171D6BEF009A27B0 /* main.m in Sources */ = {isa = PBXBuildFile; fileRef = 73818682171D6BEF009A27B0 /* main.m */; };
		73818687171D6BEF009A27B0 /* Credits.rtf in Resources */ = {isa = PBXBuildFile; fileRef = 73818685171D6BEF009A27B0 /* Credits.rtf */; };
		7381868A171D6BEF009A27B0 /* AppDelegate.m in Sources */ = {isa = PBXBuildFile; fileRef = 73818689171D6BEF009A27B0 /* AppDelegate.m */; };
		7381868D171D6BEF009A27B0 /* MainMenu.xib in Resources */ = {isa = PBXBuildFile; fileRef = 7381868B171D6BEF009A27B0 /* MainMenu.xib */; };
		73818695171D6CC4009A27B0 /* GLViewController.m in Sources */ = {isa = PBXBuildFile; fileRef = 73818694171D6CC3009A27B0 /* GLViewController.m */; };
		73818697171D6D2A009A27B0 /* OpenGL.framework in Frameworks */ = {isa = PBXBuildFile; fileRef = 73818696171D6D2A009A27B0 /* OpenGL.framework */; };
		A6E6FE8F1764F11C00972D5B /* glext.cpp in Sources */ = {isa = PBXBuildFile; fileRef = A6E6FE8D1764F11C00972D5B /* glext.cpp */; };
		A6E6FE941764F31F00972D5B /* teapot.qm in Resources */ = {isa = PBXBuildFile; fileRef = A6E6FE931764F31F00972D5B /* teapot.qm */; };
/* End PBXBuildFile section */

/* Begin PBXFileReference section */
		73818673171D6BEF009A27B0 /* CoreProfileTestMac.app */ = {isa = PBXFileReference; explicitFileType = wrapper.application; includeInIndex = 0; path = CoreProfileTestMac.app; sourceTree = BUILT_PRODUCTS_DIR; };
		73818676171D6BEF009A27B0 /* Cocoa.framework */ = {isa = PBXFileReference; lastKnownFileType = wrapper.framework; name = Cocoa.framework; path = System/Library/Frameworks/Cocoa.framework; sourceTree = SDKROOT; };
		73818679171D6BEF009A27B0 /* AppKit.framework */ = {isa = PBXFileReference; lastKnownFileType = wrapper.framework; name = AppKit.framework; path = System/Library/Frameworks/AppKit.framework; sourceTree = SDKROOT; };
		7381867A171D6BEF009A27B0 /* CoreData.framework */ = {isa = PBXFileReference; lastKnownFileType = wrapper.framework; name = CoreData.framework; path = System/Library/Frameworks/CoreData.framework; sourceTree = SDKROOT; };
		7381867B171D6BEF009A27B0 /* Foundation.framework */ = {isa = PBXFileReference; lastKnownFileType = wrapper.framework; name = Foundation.framework; path = System/Library/Frameworks/Foundation.framework; sourceTree = SDKROOT; };
		7381867E171D6BEF009A27B0 /* CoreProfileTestMac-Info.plist */ = {isa = PBXFileReference; lastKnownFileType = text.plist.xml; path = "CoreProfileTestMac-Info.plist"; sourceTree = "<group>"; };
		73818680171D6BEF009A27B0 /* en */ = {isa = PBXFileReference; lastKnownFileType = text.plist.strings; name = en; path = en.lproj/InfoPlist.strings; sourceTree = "<group>"; };
		73818682171D6BEF009A27B0 /* main.m */ = {isa = PBXFileReference; lastKnownFileType = sourcecode.c.objc; path = main.m; sourceTree = "<group>"; };
		73818684171D6BEF009A27B0 /* CoreProfileTestMac-Prefix.pch */ = {isa = PBXFileReference; lastKnownFileType = sourcecode.c.h; path = "CoreProfileTestMac-Prefix.pch"; sourceTree = "<group>"; };
		73818686171D6BEF009A27B0 /* en */ = {isa = PBXFileReference; lastKnownFileType = text.rtf; name = en; path = en.lproj/Credits.rtf; sourceTree = "<group>"; };
		73818688171D6BEF009A27B0 /* AppDelegate.h */ = {isa = PBXFileReference; lastKnownFileType = sourcecode.c.h; path = AppDelegate.h; sourceTree = "<group>"; };
		73818689171D6BEF009A27B0 /* AppDelegate.m */ = {isa = PBXFileReference; lastKnownFileType = sourcecode.c.objc; path = AppDelegate.m; sourceTree = "<group>"; };
		7381868C171D6BEF009A27B0 /* en */ = {isa = PBXFileReference; lastKnownFileType = file.xib; name = en; path = en.lproj/MainMenu.xib; sourceTree = "<group>"; };
		73818693171D6CC3009A27B0 /* GLViewController.h */ = {isa = PBXFileReference; fileEncoding = 4; lastKnownFileType = sourcecode.c.h; path = GLViewController.h; sourceTree = "<group>"; };
		73818694171D6CC3009A27B0 /* GLViewController.m */ = {isa = PBXFileReference; explicitFileType = sourcecode.cpp.objcpp; fileEncoding = 4; path = GLViewController.m; sourceTree = "<group>"; };
		73818696171D6D2A009A27B0 /* OpenGL.framework */ = {isa = PBXFileReference; lastKnownFileType = wrapper.framework; name = OpenGL.framework; path = System/Library/Frameworks/OpenGL.framework; sourceTree = SDKROOT; };
		A6E6FE8D1764F11C00972D5B /* glext.cpp */ = {isa = PBXFileReference; fileEncoding = 4; lastKnownFileType = sourcecode.cpp.cpp; name = glext.cpp; path = ../../common/glext.cpp; sourceTree = "<group>"; };
		A6E6FE8E1764F11C00972D5B /* glext.h */ = {isa = PBXFileReference; fileEncoding = 4; lastKnownFileType = sourcecode.c.h; name = glext.h; path = ../../common/glext.h; sourceTree = "<group>"; };
		A6E6FE931764F31F00972D5B /* teapot.qm */ = {isa = PBXFileReference; lastKnownFileType = file; name = teapot.qm; path = ../../media/meshes/teapot.qm; sourceTree = "<group>"; };
/* End PBXFileReference section */

/* Begin PBXFrameworksBuildPhase section */
		73818670171D6BEF009A27B0 /* Frameworks */ = {
			isa = PBXFrameworksBuildPhase;
			buildActionMask = 2147483647;
			files = (
				73818697171D6D2A009A27B0 /* OpenGL.framework in Frameworks */,
				73818677171D6BEF009A27B0 /* Cocoa.framework in Frameworks */,
			);
			runOnlyForDeploymentPostprocessing = 0;
		};
/* End PBXFrameworksBuildPhase section */

/* Begin PBXGroup section */
		7381866A171D6BEF009A27B0 = {
			isa = PBXGroup;
			children = (
				7381867C171D6BEF009A27B0 /* CoreProfileTestMac */,
				73818675171D6BEF009A27B0 /* Frameworks */,
				73818674171D6BEF009A27B0 /* Products */,
			);
			sourceTree = "<group>";
		};
		73818674171D6BEF009A27B0 /* Products */ = {
			isa = PBXGroup;
			children = (
				73818673171D6BEF009A27B0 /* CoreProfileTestMac.app */,
			);
			name = Products;
			sourceTree = "<group>";
		};
		73818675171D6BEF009A27B0 /* Frameworks */ = {
			isa = PBXGroup;
			children = (
				73818696171D6D2A009A27B0 /* OpenGL.framework */,
				73818676171D6BEF009A27B0 /* Cocoa.framework */,
				73818678171D6BEF009A27B0 /* Other Frameworks */,
			);
			name = Frameworks;
			sourceTree = "<group>";
		};
		73818678171D6BEF009A27B0 /* Other Frameworks */ = {
			isa = PBXGroup;
			children = (
				73818679171D6BEF009A27B0 /* AppKit.framework */,
				7381867A171D6BEF009A27B0 /* CoreData.framework */,
				7381867B171D6BEF009A27B0 /* Foundation.framework */,
			);
			name = "Other Frameworks";
			sourceTree = "<group>";
		};
		7381867C171D6BEF009A27B0 /* CoreProfileTestMac */ = {
			isa = PBXGroup;
			children = (
				A6E6FE921764F30100972D5B /* media */,
				A6E6FE911764F2FA00972D5B /* common */,
				73818688171D6BEF009A27B0 /* AppDelegate.h */,
				73818689171D6BEF009A27B0 /* AppDelegate.m */,
				7381868B171D6BEF009A27B0 /* MainMenu.xib */,
				7381867D171D6BEF009A27B0 /* Supporting Files */,
				73818693171D6CC3009A27B0 /* GLViewController.h */,
				73818694171D6CC3009A27B0 /* GLViewController.m */,
			);
			path = CoreProfileTestMac;
			sourceTree = "<group>";
		};
		7381867D171D6BEF009A27B0 /* Supporting Files */ = {
			isa = PBXGroup;
			children = (
				7381867E171D6BEF009A27B0 /* CoreProfileTestMac-Info.plist */,
				7381867F171D6BEF009A27B0 /* InfoPlist.strings */,
				73818682171D6BEF009A27B0 /* main.m */,
				73818684171D6BEF009A27B0 /* CoreProfileTestMac-Prefix.pch */,
				73818685171D6BEF009A27B0 /* Credits.rtf */,
			);
			name = "Supporting Files";
			sourceTree = "<group>";
		};
		A6E6FE911764F2FA00972D5B /* common */ = {
			isa = PBXGroup;
			children = (
				A6E6FE8D1764F11C00972D5B /* glext.cpp */,
				A6E6FE8E1764F11C00972D5B /* glext.h */,
			);
			name = common;
			sourceTree = "<group>";
		};
		A6E6FE921764F30100972D5B /* media */ = {
			isa = PBXGroup;
			children = (
				A6E6FE931764F31F00972D5B /* teapot.qm */,
			);
			name = media;
			sourceTree = "<group>";
		};
/* End PBXGroup section */

/* Begin PBXNativeTarget section */
		73818672171D6BEF009A27B0 /* CoreProfileTestMac */ = {
			isa = PBXNativeTarget;
			buildConfigurationList = 73818690171D6BEF009A27B0 /* Build configuration list for PBXNativeTarget "CoreProfileTestMac" */;
			buildPhases = (
				7381866F171D6BEF009A27B0 /* Sources */,
				73818670171D6BEF009A27B0 /* Frameworks */,
				73818671171D6BEF009A27B0 /* Resources */,
			);
			buildRules = (
			);
			dependencies = (
			);
			name = CoreProfileTestMac;
			productName = CoreProfileTestMac;
			productReference = 73818673171D6BEF009A27B0 /* CoreProfileTestMac.app */;
			productType = "com.apple.product-type.application";
		};
/* End PBXNativeTarget section */

/* Begin PBXProject section */
		7381866B171D6BEF009A27B0 /* Project object */ = {
			isa = PBXProject;
			attributes = {
				LastUpgradeCheck = 0460;
				ORGANIZATIONNAME = Asylum;
			};
			buildConfigurationList = 7381866E171D6BEF009A27B0 /* Build configuration list for PBXProject "CoreProfileTestMac" */;
			compatibilityVersion = "Xcode 3.2";
			developmentRegion = English;
			hasScannedForEncodings = 0;
			knownRegions = (
				en,
			);
			mainGroup = 7381866A171D6BEF009A27B0;
			productRefGroup = 73818674171D6BEF009A27B0 /* Products */;
			projectDirPath = "";
			projectRoot = "";
			targets = (
				73818672171D6BEF009A27B0 /* CoreProfileTestMac */,
			);
		};
/* End PBXProject section */

/* Begin PBXResourcesBuildPhase section */
		73818671171D6BEF009A27B0 /* Resources */ = {
			isa = PBXResourcesBuildPhase;
			buildActionMask = 2147483647;
			files = (
				73818681171D6BEF009A27B0 /* InfoPlist.strings in Resources */,
				73818687171D6BEF009A27B0 /* Credits.rtf in Resources */,
				7381868D171D6BEF009A27B0 /* MainMenu.xib in Resources */,
				A6E6FE941764F31F00972D5B /* teapot.qm in Resources */,
			);
			runOnlyForDeploymentPostprocessing = 0;
		};
/* End PBXResourcesBuildPhase section */

/* Begin PBXSourcesBuildPhase section */
		7381866F171D6BEF009A27B0 /* Sources */ = {
			isa = PBXSourcesBuildPhase;
			buildActionMask = 2147483647;
			files = (
				73818683171D6BEF009A27B0 /* main.m in Sources */,
				7381868A171D6BEF009A27B0 /* AppDelegate.m in Sources */,
				73818695171D6CC4009A27B0 /* GLViewController.m in Sources */,
				A6E6FE8F1764F11C00972D5B /* glext.cpp in Sources */,
			);
			runOnlyForDeploymentPostprocessing = 0;
		};
/* End PBXSourcesBuildPhase section */

/* Begin PBXVariantGroup section */
		7381867F171D6BEF009A27B0 /* InfoPlist.strings */ = {
			isa = PBXVariantGroup;
			children = (
				73818680171D6BEF009A27B0 /* en */,
			);
			name = InfoPlist.strings;
			sourceTree = "<group>";
		};
		73818685171D6BEF009A27B0 /* Credits.rtf */ = {
			isa = PBXVariantGroup;
			children = (
				73818686171D6BEF009A27B0 /* en */,
			);
			name = Credits.rtf;
			sourceTree = "<group>";
		};
		7381868B171D6BEF009A27B0 /* MainMenu.xib */ = {
			isa = PBXVariantGroup;
			children = (
				7381868C171D6BEF009A27B0 /* en */,
			);
			name = MainMenu.xib;
			sourceTree = "<group>";
		};
/* End PBXVariantGroup section */

/* Begin XCBuildConfiguration section */
		7381868E171D6BEF009A27B0 /* Debug */ = {
			isa = XCBuildConfiguration;
			buildSettings = {
				ALWAYS_SEARCH_USER_PATHS = NO;
				ARCHS = "$(ARCHS_STANDARD_64_BIT)";
				CLANG_CXX_LANGUAGE_STANDARD = "gnu++0x";
				CLANG_CXX_LIBRARY = "libc++";
				CLANG_ENABLE_OBJC_ARC = YES;
				CLANG_WARN_CONSTANT_CONVERSION = YES;
				CLANG_WARN_EMPTY_BODY = YES;
				CLANG_WARN_ENUM_CONVERSION = YES;
				CLANG_WARN_INT_CONVERSION = YES;
				CLANG_WARN__DUPLICATE_METHOD_MATCH = YES;
				COPY_PHASE_STRIP = NO;
				GCC_C_LANGUAGE_STANDARD = gnu99;
				GCC_DYNAMIC_NO_PIC = NO;
				GCC_ENABLE_OBJC_EXCEPTIONS = YES;
				GCC_OPTIMIZATION_LEVEL = 0;
				GCC_PREPROCESSOR_DEFINITIONS = (
					"DEBUG=1",
					"$(inherited)",
				);
				GCC_SYMBOLS_PRIVATE_EXTERN = NO;
				GCC_WARN_64_TO_32_BIT_CONVERSION = YES;
				GCC_WARN_ABOUT_RETURN_TYPE = YES;
				GCC_WARN_UNINITIALIZED_AUTOS = YES;
				GCC_WARN_UNUSED_VARIABLE = YES;
				MACOSX_DEPLOYMENT_TARGET = 10.7;
				ONLY_ACTIVE_ARCH = YES;
				SDKROOT = macosx;
			};
			name = Debug;
		};
		7381868F171D6BEF009A27B0 /* Release */ = {
			isa = XCBuildConfiguration;
			buildSettings = {
				ALWAYS_SEARCH_USER_PATHS = NO;
				ARCHS = "$(ARCHS_STANDARD_64_BIT)";
				CLANG_CXX_LANGUAGE_STANDARD = "gnu++0x";
				CLANG_CXX_LIBRARY = "libc++";
				CLANG_ENABLE_OBJC_ARC = YES;
				CLANG_WARN_CONSTANT_CONVERSION = YES;
				CLANG_WARN_EMPTY_BODY = YES;
				CLANG_WARN_ENUM_CONVERSION = YES;
				CLANG_WARN_INT_CONVERSION = YES;
				CLANG_WARN__DUPLICATE_METHOD_MATCH = YES;
				COPY_PHASE_STRIP = YES;
				DEBUG_INFORMATION_FORMAT = "dwarf-with-dsym";
				GCC_C_LANGUAGE_STANDARD = gnu99;
				GCC_ENABLE_OBJC_EXCEPTIONS = YES;
				GCC_WARN_64_TO_32_BIT_CONVERSION = YES;
				GCC_WARN_ABOUT_RETURN_TYPE = YES;
				GCC_WARN_UNINITIALIZED_AUTOS = YES;
				GCC_WARN_UNUSED_VARIABLE = YES;
				MACOSX_DEPLOYMENT_TARGET = 10.7;
				SDKROOT = macosx;
			};
			name = Release;
		};
		73818691171D6BEF009A27B0 /* Debug */ = {
			isa = XCBuildConfiguration;
			buildSettings = {
				COMBINE_HIDPI_IMAGES = YES;
				GCC_PRECOMPILE_PREFIX_HEADER = YES;
				GCC_PREFIX_HEADER = "CoreProfileTestMac/CoreProfileTestMac-Prefix.pch";
				INFOPLIST_FILE = "CoreProfileTestMac/CoreProfileTestMac-Info.plist";
				PRODUCT_NAME = "$(TARGET_NAME)";
				WRAPPER_EXTENSION = app;
			};
			name = Debug;
		};
		73818692171D6BEF009A27B0 /* Release */ = {
			isa = XCBuildConfiguration;
			buildSettings = {
				COMBINE_HIDPI_IMAGES = YES;
				GCC_PRECOMPILE_PREFIX_HEADER = YES;
				GCC_PREFIX_HEADER = "CoreProfileTestMac/CoreProfileTestMac-Prefix.pch";
				INFOPLIST_FILE = "CoreProfileTestMac/CoreProfileTestMac-Info.plist";
				PRODUCT_NAME = "$(TARGET_NAME)";
				WRAPPER_EXTENSION = app;
			};
			name = Release;
		};
/* End XCBuildConfiguration section */

/* Begin XCConfigurationList section */
		7381866E171D6BEF009A27B0 /* Build configuration list for PBXProject "CoreProfileTestMac" */ = {
			isa = XCConfigurationList;
			buildConfigurations = (
				7381868E171D6BEF009A27B0 /* Debug */,
				7381868F171D6BEF009A27B0 /* Release */,
			);
			defaultConfigurationIsVisible = 0;
			defaultConfigurationName = Release;
		};
		73818690171D6BEF009A27B0 /* Build configuration list for PBXNativeTarget "CoreProfileTestMac" */ = {
			isa = XCConfigurationList;
			buildConfigurations = (
				73818691171D6BEF009A27B0 /* Debug */,
				73818692171D6BEF009A27B0 /* Release */,
			);
			defaultConfigurationIsVisible = 0;
			defaultConfigurationName = Release;
		};
/* End XCConfigurationList section */
	};
	rootObject = 7381866B171D6BEF009A27B0 /* Project object */;
}
